
Microsoft Visual Studio Solution File, Format Version 12.00
# Visual Studio Version 16
VisualStudioVersion = 25.0.1703.8
MinimumVisualStudioVersion = 10.0.40219.1
Project("{FAE04EC0-301F-11D3-BF4B-00C04F79EFBC}") = "YouInvestMe", "YouInvestMe\YouInvestMe.csproj", "{D92C6418-6236-4430-BE1D-946B2D678E3F}"
EndProject
Global
	GlobalSection(SolutionConfigurationPlatforms) = preSolution
		Debug|Any CPU = Debug|Any CPU
		Release|Any CPU = Release|Any CPU
	EndGlobalSection
	GlobalSection(ProjectConfigurationPlatforms) = postSolution
		{D92C6418-6236-4430-BE1D-946B2D678E3F}.Debug|Any CPU.ActiveCfg = Debug|Any CPU
		{D92C6418-6236-4430-BE1D-946B2D678E3F}.Debug|Any CPU.Build.0 = Debug|Any CPU
		{D92C6418-6236-4430-BE1D-946B2D678E3F}.Release|Any CPU.ActiveCfg = Release|Any CPU
		{D92C6418-6236-4430-BE1D-946B2D678E3F}.Release|Any CPU.Build.0 = Release|Any CPU
	EndGlobalSection
	GlobalSection(SolutionProperties) = preSolution
		HideSolutionNode = FALSE
	EndGlobalSection
	GlobalSection(ExtensibilityGlobals) = postSolution
		SolutionGuid = {98EDFE3C-A628-44D7-96D5-C99838EE27E9}
	EndGlobalSection
EndGlobal
