
Microsoft Visual Studio Solution File, Format Version 12.00
# Visual Studio Version 16
VisualStudioVersion = 25.0.1703.8
MinimumVisualStudioVersion = 10.0.40219.1
Project("{FAE04EC0-301F-11D3-BF4B-00C04F79EFBC}") = "YouInvestMe", "YouInvestMe\YouInvestMe.csproj", "{166338F5-0D3C-43E1-8BD7-AFF390E19AC1}"
EndProject
Project("{FAE04EC0-301F-11D3-BF4B-00C04F79EFBC}") = "YouInvestMeTests", "YouInvestMeTests\YouInvestMeTests.csproj", "{2041E403-66A2-4F73-9D10-CC72FC7C2863}"
EndProject
Global
	GlobalSection(SolutionConfigurationPlatforms) = preSolution
		Debug|Any CPU = Debug|Any CPU
		Release|Any CPU = Release|Any CPU
	EndGlobalSection
	GlobalSection(ProjectConfigurationPlatforms) = postSolution
		{166338F5-0D3C-43E1-8BD7-AFF390E19AC1}.Debug|Any CPU.ActiveCfg = Debug|Any CPU
		{166338F5-0D3C-43E1-8BD7-AFF390E19AC1}.Debug|Any CPU.Build.0 = Debug|Any CPU
		{166338F5-0D3C-43E1-8BD7-AFF390E19AC1}.Release|Any CPU.ActiveCfg = Release|Any CPU
		{166338F5-0D3C-43E1-8BD7-AFF390E19AC1}.Release|Any CPU.Build.0 = Release|Any CPU
		{2041E403-66A2-4F73-9D10-CC72FC7C2863}.Debug|Any CPU.ActiveCfg = Debug|Any CPU
		{2041E403-66A2-4F73-9D10-CC72FC7C2863}.Debug|Any CPU.Build.0 = Debug|Any CPU
		{2041E403-66A2-4F73-9D10-CC72FC7C2863}.Release|Any CPU.ActiveCfg = Release|Any CPU
		{2041E403-66A2-4F73-9D10-CC72FC7C2863}.Release|Any CPU.Build.0 = Release|Any CPU
	EndGlobalSection
	GlobalSection(SolutionProperties) = preSolution
		HideSolutionNode = FALSE
	EndGlobalSection
	GlobalSection(ExtensibilityGlobals) = postSolution
		SolutionGuid = {49984902-3242-4AF4-9814-EB7A40CD3170}
	EndGlobalSection
EndGlobal
